// !$*UTF8*$!
{
	archiveVersion = 1;
	classes = {
	};
	objectVersion = 56;
	objects = {

/* Begin PBXBuildFile section */
		A48882902D93EF45007A693A /* happyview3App.swift in Sources */ = {isa = PBXBuildFile; fileRef = A488828F2D93EF45007A693A /* happyview3App.swift */; };
		A48882922D93EF45007A693A /* ContentView.swift in Sources */ = {isa = PBXBuildFile; fileRef = A48882912D93EF45007A693A /* ContentView.swift */; };
		A48882942D93EF48007A693A /* Assets.xcassets in Resources */ = {isa = PBXBuildFile; fileRef = A48882932D93EF48007A693A /* Assets.xcassets */; };
		A48882982D93EF48007A693A /* Preview Assets.xcassets in Resources */ = {isa = PBXBuildFile; fileRef = A48882972D93EF48007A693A /* Preview Assets.xcassets */; };
		A48882A22D93EF48007A693A /* happyview3Tests.swift in Sources */ = {isa = PBXBuildFile; fileRef = A48882A12D93EF48007A693A /* happyview3Tests.swift */; };
		A48882AC2D93EF48007A693A /* happyview3UITests.swift in Sources */ = {isa = PBXBuildFile; fileRef = A48882AB2D93EF48007A693A /* happyview3UITests.swift */; };
		A48882AE2D93EF48007A693A /* happyview3UITestsLaunchTests.swift in Sources */ = {isa = PBXBuildFile; fileRef = A48882AD2D93EF48007A693A /* happyview3UITestsLaunchTests.swift */; };
/* End PBXBuildFile section */

/* Begin PBXContainerItemProxy section */
		A488829E2D93EF48007A693A /* PBXContainerItemProxy */ = {
			isa = PBXContainerItemProxy;
			containerPortal = A48882842D93EF45007A693A /* Project object */;
			proxyType = 1;
			remoteGlobalIDString = A488828B2D93EF45007A693A;
			remoteInfo = happyview3;
		};
		A48882A82D93EF48007A693A /* PBXContainerItemProxy */ = {
			isa = PBXContainerItemProxy;
			containerPortal = A48882842D93EF45007A693A /* Project object */;
			proxyType = 1;
			remoteGlobalIDString = A488828B2D93EF45007A693A;
			remoteInfo = happyview3;
		};
/* End PBXContainerItemProxy section */

/* Begin PBXFileReference section */
		A488828C2D93EF45007A693A /* happyview3.app */ = {isa = PBXFileReference; explicitFileType = wrapper.application; includeInIndex = 0; path = happyview3.app; sourceTree = BUILT_PRODUCTS_DIR; };
		A488828F2D93EF45007A693A /* happyview3App.swift */ = {isa = PBXFileReference; lastKnownFileType = sourcecode.swift; path = happyview3App.swift; sourceTree = "<group>"; };
		A48882912D93EF45007A693A /* ContentView.swift */ = {isa = PBXFileReference; lastKnownFileType = sourcecode.swift; path = ContentView.swift; sourceTree = "<group>"; };
		A48882932D93EF48007A693A /* Assets.xcassets */ = {isa = PBXFileReference; lastKnownFileType = folder.assetcatalog; path = Assets.xcassets; sourceTree = "<group>"; };
		A48882952D93EF48007A693A /* happyview3.entitlements */ = {isa = PBXFileReference; lastKnownFileType = text.plist.entitlements; path = happyview3.entitlements; sourceTree = "<group>"; };
		A48882972D93EF48007A693A /* Preview Assets.xcassets */ = {isa = PBXFileReference; lastKnownFileType = folder.assetcatalog; path = "Preview Assets.xcassets"; sourceTree = "<group>"; };
		A488829D2D93EF48007A693A /* happyview3Tests.xctest */ = {isa = PBXFileReference; explicitFileType = wrapper.cfbundle; includeInIndex = 0; path = happyview3Tests.xctest; sourceTree = BUILT_PRODUCTS_DIR; };
		A48882A12D93EF48007A693A /* happyview3Tests.swift */ = {isa = PBXFileReference; lastKnownFileType = sourcecode.swift; path = happyview3Tests.swift; sourceTree = "<group>"; };
		A48882A72D93EF48007A693A /* happyview3UITests.xctest */ = {isa = PBXFileReference; explicitFileType = wrapper.cfbundle; includeInIndex = 0; path = happyview3UITests.xctest; sourceTree = BUILT_PRODUCTS_DIR; };
		A48882AB2D93EF48007A693A /* happyview3UITests.swift */ = {isa = PBXFileReference; lastKnownFileType = sourcecode.swift; path = happyview3UITests.swift; sourceTree = "<group>"; };
		A48882AD2D93EF48007A693A /* happyview3UITestsLaunchTests.swift */ = {isa = PBXFileReference; lastKnownFileType = sourcecode.swift; path = happyview3UITestsLaunchTests.swift; sourceTree = "<group>"; };
/* End PBXFileReference section */

/* Begin PBXFrameworksBuildPhase section */
		A48882892D93EF45007A693A /* Frameworks */ = {
			isa = PBXFrameworksBuildPhase;
			buildActionMask = 2147483647;
			files = (
			);
			runOnlyForDeploymentPostprocessing = 0;
		};
		A488829A2D93EF48007A693A /* Frameworks */ = {
			isa = PBXFrameworksBuildPhase;
			buildActionMask = 2147483647;
			files = (
			);
			runOnlyForDeploymentPostprocessing = 0;
		};
		A48882A42D93EF48007A693A /* Frameworks */ = {
			isa = PBXFrameworksBuildPhase;
			buildActionMask = 2147483647;
			files = (
			);
			runOnlyForDeploymentPostprocessing = 0;
		};
/* End PBXFrameworksBuildPhase section */

/* Begin PBXGroup section */
		A48882832D93EF45007A693A = {
			isa = PBXGroup;
			children = (
				A488828E2D93EF45007A693A /* happyview3 */,
				A48882A02D93EF48007A693A /* happyview3Tests */,
				A48882AA2D93EF48007A693A /* happyview3UITests */,
				A488828D2D93EF45007A693A /* Products */,
			);
			sourceTree = "<group>";
		};
		A488828D2D93EF45007A693A /* Products */ = {
			isa = PBXGroup;
			children = (
				A488828C2D93EF45007A693A /* happyview3.app */,
				A488829D2D93EF48007A693A /* happyview3Tests.xctest */,
				A48882A72D93EF48007A693A /* happyview3UITests.xctest */,
			);
			name = Products;
			sourceTree = "<group>";
		};
		A488828E2D93EF45007A693A /* happyview3 */ = {
			isa = PBXGroup;
			children = (
				A488828F2D93EF45007A693A /* happyview3App.swift */,
				A48882912D93EF45007A693A /* ContentView.swift */,
				A48882932D93EF48007A693A /* Assets.xcassets */,
				A48882952D93EF48007A693A /* happyview3.entitlements */,
				A48882962D93EF48007A693A /* Preview Content */,
			);
			path = happyview3;
			sourceTree = "<group>";
		};
		A48882962D93EF48007A693A /* Preview Content */ = {
			isa = PBXGroup;
			children = (
				A48882972D93EF48007A693A /* Preview Assets.xcassets */,
			);
			path = "Preview Content";
			sourceTree = "<group>";
		};
		A48882A02D93EF48007A693A /* happyview3Tests */ = {
			isa = PBXGroup;
			children = (
				A48882A12D93EF48007A693A /* happyview3Tests.swift */,
			);
			path = happyview3Tests;
			sourceTree = "<group>";
		};
		A48882AA2D93EF48007A693A /* happyview3UITests */ = {
			isa = PBXGroup;
			children = (
				A48882AB2D93EF48007A693A /* happyview3UITests.swift */,
				A48882AD2D93EF48007A693A /* happyview3UITestsLaunchTests.swift */,
			);
			path = happyview3UITests;
			sourceTree = "<group>";
		};
/* End PBXGroup section */

/* Begin PBXNativeTarget section */
		A488828B2D93EF45007A693A /* happyview3 */ = {
			isa = PBXNativeTarget;
			buildConfigurationList = A48882B12D93EF48007A693A /* Build configuration list for PBXNativeTarget "happyview3" */;
			buildPhases = (
				A48882882D93EF45007A693A /* Sources */,
				A48882892D93EF45007A693A /* Frameworks */,
				A488828A2D93EF45007A693A /* Resources */,
			);
			buildRules = (
			);
			dependencies = (
			);
			name = happyview3;
			productName = happyview3;
			productReference = A488828C2D93EF45007A693A /* happyview3.app */;
			productType = "com.apple.product-type.application";
		};
		A488829C2D93EF48007A693A /* happyview3Tests */ = {
			isa = PBXNativeTarget;
			buildConfigurationList = A48882B42D93EF48007A693A /* Build configuration list for PBXNativeTarget "happyview3Tests" */;
			buildPhases = (
				A48882992D93EF48007A693A /* Sources */,
				A488829A2D93EF48007A693A /* Frameworks */,
				A488829B2D93EF48007A693A /* Resources */,
			);
			buildRules = (
			);
			dependencies = (
				A488829F2D93EF48007A693A /* PBXTargetDependency */,
			);
			name = happyview3Tests;
			productName = happyview3Tests;
			productReference = A488829D2D93EF48007A693A /* happyview3Tests.xctest */;
			productType = "com.apple.product-type.bundle.unit-test";
		};
		A48882A62D93EF48007A693A /* happyview3UITests */ = {
			isa = PBXNativeTarget;
			buildConfigurationList = A48882B72D93EF48007A693A /* Build configuration list for PBXNativeTarget "happyview3UITests" */;
			buildPhases = (
				A48882A32D93EF48007A693A /* Sources */,
				A48882A42D93EF48007A693A /* Frameworks */,
				A48882A52D93EF48007A693A /* Resources */,
			);
			buildRules = (
			);
			dependencies = (
				A48882A92D93EF48007A693A /* PBXTargetDependency */,
			);
			name = happyview3UITests;
			productName = happyview3UITests;
			productReference = A48882A72D93EF48007A693A /* happyview3UITests.xctest */;
			productType = "com.apple.product-type.bundle.ui-testing";
		};
/* End PBXNativeTarget section */

/* Begin PBXProject section */
		A48882842D93EF45007A693A /* Project object */ = {
			isa = PBXProject;
			attributes = {
				BuildIndependentTargetsInParallel = 1;
				LastSwiftUpdateCheck = 1540;
				LastUpgradeCheck = 1540;
				TargetAttributes = {
					A488828B2D93EF45007A693A = {
						CreatedOnToolsVersion = 15.4;
					};
					A488829C2D93EF48007A693A = {
						CreatedOnToolsVersion = 15.4;
						TestTargetID = A488828B2D93EF45007A693A;
					};
					A48882A62D93EF48007A693A = {
						CreatedOnToolsVersion = 15.4;
						TestTargetID = A488828B2D93EF45007A693A;
					};
				};
			};
			buildConfigurationList = A48882872D93EF45007A693A /* Build configuration list for PBXProject "happyview3" */;
			compatibilityVersion = "Xcode 14.0";
			developmentRegion = en;
			hasScannedForEncodings = 0;
			knownRegions = (
				en,
				Base,
			);
			mainGroup = A48882832D93EF45007A693A;
			productRefGroup = A488828D2D93EF45007A693A /* Products */;
			projectDirPath = "";
			projectRoot = "";
			targets = (
				A488828B2D93EF45007A693A /* happyview3 */,
				A488829C2D93EF48007A693A /* happyview3Tests */,
				A48882A62D93EF48007A693A /* happyview3UITests */,
			);
		};
/* End PBXProject section */

/* Begin PBXResourcesBuildPhase section */
		A488828A2D93EF45007A693A /* Resources */ = {
			isa = PBXResourcesBuildPhase;
			buildActionMask = 2147483647;
			files = (
				A48882982D93EF48007A693A /* Preview Assets.xcassets in Resources */,
				A48882942D93EF48007A693A /* Assets.xcassets in Resources */,
			);
			runOnlyForDeploymentPostprocessing = 0;
		};
		A488829B2D93EF48007A693A /* Resources */ = {
			isa = PBXResourcesBuildPhase;
			buildActionMask = 2147483647;
			files = (
			);
			runOnlyForDeploymentPostprocessing = 0;
		};
		A48882A52D93EF48007A693A /* Resources */ = {
			isa = PBXResourcesBuildPhase;
			buildActionMask = 2147483647;
			files = (
			);
			runOnlyForDeploymentPostprocessing = 0;
		};
/* End PBXResourcesBuildPhase section */

/* Begin PBXSourcesBuildPhase section */
		A48882882D93EF45007A693A /* Sources */ = {
			isa = PBXSourcesBuildPhase;
			buildActionMask = 2147483647;
			files = (
				A48882922D93EF45007A693A /* ContentView.swift in Sources */,
				A48882902D93EF45007A693A /* happyview3App.swift in Sources */,
			);
			runOnlyForDeploymentPostprocessing = 0;
		};
		A48882992D93EF48007A693A /* Sources */ = {
			isa = PBXSourcesBuildPhase;
			buildActionMask = 2147483647;
			files = (
				A48882A22D93EF48007A693A /* happyview3Tests.swift in Sources */,
			);
			runOnlyForDeploymentPostprocessing = 0;
		};
		A48882A32D93EF48007A693A /* Sources */ = {
			isa = PBXSourcesBuildPhase;
			buildActionMask = 2147483647;
			files = (
				A48882AE2D93EF48007A693A /* happyview3UITestsLaunchTests.swift in Sources */,
				A48882AC2D93EF48007A693A /* happyview3UITests.swift in Sources */,
			);
			runOnlyForDeploymentPostprocessing = 0;
		};
/* End PBXSourcesBuildPhase section */

/* Begin PBXTargetDependency section */
		A488829F2D93EF48007A693A /* PBXTargetDependency */ = {
			isa = PBXTargetDependency;
			target = A488828B2D93EF45007A693A /* happyview3 */;
			targetProxy = A488829E2D93EF48007A693A /* PBXContainerItemProxy */;
		};
		A48882A92D93EF48007A693A /* PBXTargetDependency */ = {
			isa = PBXTargetDependency;
			target = A488828B2D93EF45007A693A /* happyview3 */;
			targetProxy = A48882A82D93EF48007A693A /* PBXContainerItemProxy */;
		};
/* End PBXTargetDependency section */

/* Begin XCBuildConfiguration section */
		A48882AF2D93EF48007A693A /* Debug */ = {
			isa = XCBuildConfiguration;
			buildSettings = {
				ALWAYS_SEARCH_USER_PATHS = NO;
				ASSETCATALOG_COMPILER_GENERATE_SWIFT_ASSET_SYMBOL_EXTENSIONS = YES;
				CLANG_ANALYZER_NONNULL = YES;
				CLANG_ANALYZER_NUMBER_OBJECT_CONVERSION = YES_AGGRESSIVE;
				CLANG_CXX_LANGUAGE_STANDARD = "gnu++20";
				CLANG_ENABLE_MODULES = YES;
				CLANG_ENABLE_OBJC_ARC = YES;
				CLANG_ENABLE_OBJC_WEAK = YES;
				CLANG_WARN_BLOCK_CAPTURE_AUTORELEASING = YES;
				CLANG_WARN_BOOL_CONVERSION = YES;
				CLANG_WARN_COMMA = YES;
				CLANG_WARN_CONSTANT_CONVERSION = YES;
				CLANG_WARN_DEPRECATED_OBJC_IMPLEMENTATIONS = YES;
				CLANG_WARN_DIRECT_OBJC_ISA_USAGE = YES_ERROR;
				CLANG_WARN_DOCUMENTATION_COMMENTS = YES;
				CLANG_WARN_EMPTY_BODY = YES;
				CLANG_WARN_ENUM_CONVERSION = YES;
				CLANG_WARN_INFINITE_RECURSION = YES;
				CLANG_WARN_INT_CONVERSION = YES;
				CLANG_WARN_NON_LITERAL_NULL_CONVERSION = YES;
				CLANG_WARN_OBJC_IMPLICIT_RETAIN_SELF = YES;
				CLANG_WARN_OBJC_LITERAL_CONVERSION = YES;
				CLANG_WARN_OBJC_ROOT_CLASS = YES_ERROR;
				CLANG_WARN_QUOTED_INCLUDE_IN_FRAMEWORK_HEADER = YES;
				CLANG_WARN_RANGE_LOOP_ANALYSIS = YES;
				CLANG_WARN_STRICT_PROTOTYPES = YES;
				CLANG_WARN_SUSPICIOUS_MOVE = YES;
				CLANG_WARN_UNGUARDED_AVAILABILITY = YES_AGGRESSIVE;
				CLANG_WARN_UNREACHABLE_CODE = YES;
				CLANG_WARN__DUPLICATE_METHOD_MATCH = YES;
				COPY_PHASE_STRIP = NO;
				DEBUG_INFORMATION_FORMAT = dwarf;
				ENABLE_STRICT_OBJC_MSGSEND = YES;
				ENABLE_TESTABILITY = YES;
				ENABLE_USER_SCRIPT_SANDBOXING = YES;
				GCC_C_LANGUAGE_STANDARD = gnu17;
				GCC_DYNAMIC_NO_PIC = NO;
				GCC_NO_COMMON_BLOCKS = YES;
				GCC_OPTIMIZATION_LEVEL = 0;
				GCC_PREPROCESSOR_DEFINITIONS = (
					"DEBUG=1",
					"$(inherited)",
				);
				GCC_WARN_64_TO_32_BIT_CONVERSION = YES;
				GCC_WARN_ABOUT_RETURN_TYPE = YES_ERROR;
				GCC_WARN_UNDECLARED_SELECTOR = YES;
				GCC_WARN_UNINITIALIZED_AUTOS = YES_AGGRESSIVE;
				GCC_WARN_UNUSED_FUNCTION = YES;
				GCC_WARN_UNUSED_VARIABLE = YES;
				LOCALIZATION_PREFERS_STRING_CATALOGS = YES;
				MTL_ENABLE_DEBUG_INFO = INCLUDE_SOURCE;
				MTL_FAST_MATH = YES;
				ONLY_ACTIVE_ARCH = YES;
				SWIFT_ACTIVE_COMPILATION_CONDITIONS = "DEBUG $(inherited)";
				SWIFT_OPTIMIZATION_LEVEL = "-Onone";
			};
			name = Debug;
		};
		A48882B02D93EF48007A693A /* Release */ = {
			isa = XCBuildConfiguration;
			buildSettings = {
				ALWAYS_SEARCH_USER_PATHS = NO;
				ASSETCATALOG_COMPILER_GENERATE_SWIFT_ASSET_SYMBOL_EXTENSIONS = YES;
				CLANG_ANALYZER_NONNULL = YES;
				CLANG_ANALYZER_NUMBER_OBJECT_CONVERSION = YES_AGGRESSIVE;
				CLANG_CXX_LANGUAGE_STANDARD = "gnu++20";
				CLANG_ENABLE_MODULES = YES;
				CLANG_ENABLE_OBJC_ARC = YES;
				CLANG_ENABLE_OBJC_WEAK = YES;
				CLANG_WARN_BLOCK_CAPTURE_AUTORELEASING = YES;
				CLANG_WARN_BOOL_CONVERSION = YES;
				CLANG_WARN_COMMA = YES;
				CLANG_WARN_CONSTANT_CONVERSION = YES;
				CLANG_WARN_DEPRECATED_OBJC_IMPLEMENTATIONS = YES;
				CLANG_WARN_DIRECT_OBJC_ISA_USAGE = YES_ERROR;
				CLANG_WARN_DOCUMENTATION_COMMENTS = YES;
				CLANG_WARN_EMPTY_BODY = YES;
				CLANG_WARN_ENUM_CONVERSION = YES;
				CLANG_WARN_INFINITE_RECURSION = YES;
				CLANG_WARN_INT_CONVERSION = YES;
				CLANG_WARN_NON_LITERAL_NULL_CONVERSION = YES;
				CLANG_WARN_OBJC_IMPLICIT_RETAIN_SELF = YES;
				CLANG_WARN_OBJC_LITERAL_CONVERSION = YES;
				CLANG_WARN_OBJC_ROOT_CLASS = YES_ERROR;
				CLANG_WARN_QUOTED_INCLUDE_IN_FRAMEWORK_HEADER = YES;
				CLANG_WARN_RANGE_LOOP_ANALYSIS = YES;
				CLANG_WARN_STRICT_PROTOTYPES = YES;
				CLANG_WARN_SUSPICIOUS_MOVE = YES;
				CLANG_WARN_UNGUARDED_AVAILABILITY = YES_AGGRESSIVE;
				CLANG_WARN_UNREACHABLE_CODE = YES;
				CLANG_WARN__DUPLICATE_METHOD_MATCH = YES;
				COPY_PHASE_STRIP = NO;
				DEBUG_INFORMATION_FORMAT = "dwarf-with-dsym";
				ENABLE_NS_ASSERTIONS = NO;
				ENABLE_STRICT_OBJC_MSGSEND = YES;
				ENABLE_USER_SCRIPT_SANDBOXING = YES;
				GCC_C_LANGUAGE_STANDARD = gnu17;
				GCC_NO_COMMON_BLOCKS = YES;
				GCC_WARN_64_TO_32_BIT_CONVERSION = YES;
				GCC_WARN_ABOUT_RETURN_TYPE = YES_ERROR;
				GCC_WARN_UNDECLARED_SELECTOR = YES;
				GCC_WARN_UNINITIALIZED_AUTOS = YES_AGGRESSIVE;
				GCC_WARN_UNUSED_FUNCTION = YES;
				GCC_WARN_UNUSED_VARIABLE = YES;
				LOCALIZATION_PREFERS_STRING_CATALOGS = YES;
				MTL_ENABLE_DEBUG_INFO = NO;
				MTL_FAST_MATH = YES;
				SWIFT_COMPILATION_MODE = wholemodule;
			};
			name = Release;
		};
		A48882B22D93EF48007A693A /* Debug */ = {
			isa = XCBuildConfiguration;
			buildSettings = {
				ASSETCATALOG_COMPILER_APPICON_NAME = AppIcon;
				ASSETCATALOG_COMPILER_GLOBAL_ACCENT_COLOR_NAME = AccentColor;
				CODE_SIGN_ENTITLEMENTS = happyview3/happyview3.entitlements;
				CODE_SIGN_STYLE = Automatic;
				CURRENT_PROJECT_VERSION = 1;
				DEVELOPMENT_ASSET_PATHS = "\"happyview3/Preview Content\"";
				DEVELOPMENT_TEAM = WJGL4SAML5;
				ENABLE_HARDENED_RUNTIME = YES;
				ENABLE_PREVIEWS = YES;
				GENERATE_INFOPLIST_FILE = YES;
				"INFOPLIST_KEY_UIApplicationSceneManifest_Generation[sdk=iphoneos*]" = YES;
				"INFOPLIST_KEY_UIApplicationSceneManifest_Generation[sdk=iphonesimulator*]" = YES;
				"INFOPLIST_KEY_UIApplicationSupportsIndirectInputEvents[sdk=iphoneos*]" = YES;
				"INFOPLIST_KEY_UIApplicationSupportsIndirectInputEvents[sdk=iphonesimulator*]" = YES;
				"INFOPLIST_KEY_UILaunchScreen_Generation[sdk=iphoneos*]" = YES;
				"INFOPLIST_KEY_UILaunchScreen_Generation[sdk=iphonesimulator*]" = YES;
				"INFOPLIST_KEY_UIStatusBarStyle[sdk=iphoneos*]" = UIStatusBarStyleDefault;
				"INFOPLIST_KEY_UIStatusBarStyle[sdk=iphonesimulator*]" = UIStatusBarStyleDefault;
				INFOPLIST_KEY_UISupportedInterfaceOrientations_iPad = "UIInterfaceOrientationPortrait UIInterfaceOrientationPortraitUpsideDown UIInterfaceOrientationLandscapeLeft UIInterfaceOrientationLandscapeRight";
				INFOPLIST_KEY_UISupportedInterfaceOrientations_iPhone = "UIInterfaceOrientationPortrait UIInterfaceOrientationLandscapeLeft UIInterfaceOrientationLandscapeRight";
				IPHONEOS_DEPLOYMENT_TARGET = 17.5;
				LD_RUNPATH_SEARCH_PATHS = "@executable_path/Frameworks";
				"LD_RUNPATH_SEARCH_PATHS[sdk=macosx*]" = "@executable_path/../Frameworks";
				MACOSX_DEPLOYMENT_TARGET = 14.1;
				MARKETING_VERSION = 1.0;
				PRODUCT_BUNDLE_IDENTIFIER = com.example.happyview3;
				PRODUCT_NAME = "$(TARGET_NAME)";
				SDKROOT = auto;
				SUPPORTED_PLATFORMS = "iphoneos iphonesimulator macosx";
				SWIFT_EMIT_LOC_STRINGS = YES;
				SWIFT_VERSION = 5.0;
				TARGETED_DEVICE_FAMILY = "1,2";
			};
			name = Debug;
		};
		A48882B32D93EF48007A693A /* Release */ = {
			isa = XCBuildConfiguration;
			buildSettings = {
				ASSETCATALOG_COMPILER_APPICON_NAME = AppIcon;
				ASSETCATALOG_COMPILER_GLOBAL_ACCENT_COLOR_NAME = AccentColor;
				CODE_SIGN_ENTITLEMENTS = happyview3/happyview3.entitlements;
				CODE_SIGN_STYLE = Automatic;
				CURRENT_PROJECT_VERSION = 1;
				DEVELOPMENT_ASSET_PATHS = "\"happyview3/Preview Content\"";
				DEVELOPMENT_TEAM = WJGL4SAML5;
				ENABLE_HARDENED_RUNTIME = YES;
				ENABLE_PREVIEWS = YES;
				GENERATE_INFOPLIST_FILE = YES;
				"INFOPLIST_KEY_UIApplicationSceneManifest_Generation[sdk=iphoneos*]" = YES;
				"INFOPLIST_KEY_UIApplicationSceneManifest_Generation[sdk=iphonesimulator*]" = YES;
				"INFOPLIST_KEY_UIApplicationSupportsIndirectInputEvents[sdk=iphoneos*]" = YES;
				"INFOPLIST_KEY_UIApplicationSupportsIndirectInputEvents[sdk=iphonesimulator*]" = YES;
				"INFOPLIST_KEY_UILaunchScreen_Generation[sdk=iphoneos*]" = YES;
				"INFOPLIST_KEY_UILaunchScreen_Generation[sdk=iphonesimulator*]" = YES;
				"INFOPLIST_KEY_UIStatusBarStyle[sdk=iphoneos*]" = UIStatusBarStyleDefault;
				"INFOPLIST_KEY_UIStatusBarStyle[sdk=iphonesimulator*]" = UIStatusBarStyleDefault;
				INFOPLIST_KEY_UISupportedInterfaceOrientations_iPad = "UIInterfaceOrientationPortrait UIInterfaceOrientationPortraitUpsideDown UIInterfaceOrientationLandscapeLeft UIInterfaceOrientationLandscapeRight";
				INFOPLIST_KEY_UISupportedInterfaceOrientations_iPhone = "UIInterfaceOrientationPortrait UIInterfaceOrientationLandscapeLeft UIInterfaceOrientationLandscapeRight";
				IPHONEOS_DEPLOYMENT_TARGET = 17.5;
				LD_RUNPATH_SEARCH_PATHS = "@executable_path/Frameworks";
				"LD_RUNPATH_SEARCH_PATHS[sdk=macosx*]" = "@executable_path/../Frameworks";
				MACOSX_DEPLOYMENT_TARGET = 14.1;
				MARKETING_VERSION = 1.0;
				PRODUCT_BUNDLE_IDENTIFIER = com.example.happyview3;
				PRODUCT_NAME = "$(TARGET_NAME)";
				SDKROOT = auto;
				SUPPORTED_PLATFORMS = "iphoneos iphonesimulator macosx";
				SWIFT_EMIT_LOC_STRINGS = YES;
				SWIFT_VERSION = 5.0;
				TARGETED_DEVICE_FAMILY = "1,2";
			};
			name = Release;
		};
		A48882B52D93EF48007A693A /* Debug */ = {
			isa = XCBuildConfiguration;
			buildSettings = {
				ALWAYS_EMBED_SWIFT_STANDARD_LIBRARIES = YES;
				BUNDLE_LOADER = "$(TEST_HOST)";
				CODE_SIGN_STYLE = Automatic;
				CURRENT_PROJECT_VERSION = 1;
				DEVELOPMENT_TEAM = WJGL4SAML5;
				GENERATE_INFOPLIST_FILE = YES;
				IPHONEOS_DEPLOYMENT_TARGET = 17.5;
				MACOSX_DEPLOYMENT_TARGET = 14.1;
				MARKETING_VERSION = 1.0;
				PRODUCT_BUNDLE_IDENTIFIER = com.example.happyview3Tests;
				PRODUCT_NAME = "$(TARGET_NAME)";
				SDKROOT = auto;
				SUPPORTED_PLATFORMS = "iphoneos iphonesimulator macosx";
				SWIFT_EMIT_LOC_STRINGS = NO;
				SWIFT_VERSION = 5.0;
				TARGETED_DEVICE_FAMILY = "1,2";
				TEST_HOST = "$(BUILT_PRODUCTS_DIR)/happyview3.app/$(BUNDLE_EXECUTABLE_FOLDER_PATH)/happyview3";
			};
			name = Debug;
		};
		A48882B62D93EF48007A693A /* Release */ = {
			isa = XCBuildConfiguration;
			buildSettings = {
				ALWAYS_EMBED_SWIFT_STANDARD_LIBRARIES = YES;
				BUNDLE_LOADER = "$(TEST_HOST)";
				CODE_SIGN_STYLE = Automatic;
				CURRENT_PROJECT_VERSION = 1;
				DEVELOPMENT_TEAM = WJGL4SAML5;
				GENERATE_INFOPLIST_FILE = YES;
				IPHONEOS_DEPLOYMENT_TARGET = 17.5;
				MACOSX_DEPLOYMENT_TARGET = 14.1;
				MARKETING_VERSION = 1.0;
				PRODUCT_BUNDLE_IDENTIFIER = com.example.happyview3Tests;
				PRODUCT_NAME = "$(TARGET_NAME)";
				SDKROOT = auto;
				SUPPORTED_PLATFORMS = "iphoneos iphonesimulator macosx";
				SWIFT_EMIT_LOC_STRINGS = NO;
				SWIFT_VERSION = 5.0;
				TARGETED_DEVICE_FAMILY = "1,2";
				TEST_HOST = "$(BUILT_PRODUCTS_DIR)/happyview3.app/$(BUNDLE_EXECUTABLE_FOLDER_PATH)/happyview3";
			};
			name = Release;
		};
		A48882B82D93EF48007A693A /* Debug */ = {
			isa = XCBuildConfiguration;
			buildSettings = {
				ALWAYS_EMBED_SWIFT_STANDARD_LIBRARIES = YES;
				CODE_SIGN_STYLE = Automatic;
				CURRENT_PROJECT_VERSION = 1;
				DEVELOPMENT_TEAM = WJGL4SAML5;
				GENERATE_INFOPLIST_FILE = YES;
				IPHONEOS_DEPLOYMENT_TARGET = 17.5;
				MACOSX_DEPLOYMENT_TARGET = 14.1;
				MARKETING_VERSION = 1.0;
				PRODUCT_BUNDLE_IDENTIFIER = com.example.happyview3UITests;
				PRODUCT_NAME = "$(TARGET_NAME)";
				SDKROOT = auto;
				SUPPORTED_PLATFORMS = "iphoneos iphonesimulator macosx";
				SWIFT_EMIT_LOC_STRINGS = NO;
				SWIFT_VERSION = 5.0;
				TARGETED_DEVICE_FAMILY = "1,2";
				TEST_TARGET_NAME = happyview3;
			};
			name = Debug;
		};
		A48882B92D93EF48007A693A /* Release */ = {
			isa = XCBuildConfiguration;
			buildSettings = {
				ALWAYS_EMBED_SWIFT_STANDARD_LIBRARIES = YES;
				CODE_SIGN_STYLE = Automatic;
				CURRENT_PROJECT_VERSION = 1;
				DEVELOPMENT_TEAM = WJGL4SAML5;
				GENERATE_INFOPLIST_FILE = YES;
				IPHONEOS_DEPLOYMENT_TARGET = 17.5;
				MACOSX_DEPLOYMENT_TARGET = 14.1;
				MARKETING_VERSION = 1.0;
				PRODUCT_BUNDLE_IDENTIFIER = com.example.happyview3UITests;
				PRODUCT_NAME = "$(TARGET_NAME)";
				SDKROOT = auto;
				SUPPORTED_PLATFORMS = "iphoneos iphonesimulator macosx";
				SWIFT_EMIT_LOC_STRINGS = NO;
				SWIFT_VERSION = 5.0;
				TARGETED_DEVICE_FAMILY = "1,2";
				TEST_TARGET_NAME = happyview3;
			};
			name = Release;
		};
/* End XCBuildConfiguration section */

/* Begin XCConfigurationList section */
		A48882872D93EF45007A693A /* Build configuration list for PBXProject "happyview3" */ = {
			isa = XCConfigurationList;
			buildConfigurations = (
				A48882AF2D93EF48007A693A /* Debug */,
				A48882B02D93EF48007A693A /* Release */,
			);
			defaultConfigurationIsVisible = 0;
			defaultConfigurationName = Release;
		};
		A48882B12D93EF48007A693A /* Build configuration list for PBXNativeTarget "happyview3" */ = {
			isa = XCConfigurationList;
			buildConfigurations = (
				A48882B22D93EF48007A693A /* Debug */,
				A48882B32D93EF48007A693A /* Release */,
			);
			defaultConfigurationIsVisible = 0;
			defaultConfigurationName = Release;
		};
		A48882B42D93EF48007A693A /* Build configuration list for PBXNativeTarget "happyview3Tests" */ = {
			isa = XCConfigurationList;
			buildConfigurations = (
				A48882B52D93EF48007A693A /* Debug */,
				A48882B62D93EF48007A693A /* Release */,
			);
			defaultConfigurationIsVisible = 0;
			defaultConfigurationName = Release;
		};
		A48882B72D93EF48007A693A /* Build configuration list for PBXNativeTarget "happyview3UITests" */ = {
			isa = XCConfigurationList;
			buildConfigurations = (
				A48882B82D93EF48007A693A /* Debug */,
				A48882B92D93EF48007A693A /* Release */,
			);
			defaultConfigurationIsVisible = 0;
			defaultConfigurationName = Release;
		};
/* End XCConfigurationList section */
	};
	rootObject = A48882842D93EF45007A693A /* Project object */;
}
